
Microsoft Visual Studio Solution File, Format Version 12.00
# Visual Studio Version 16
VisualStudioVersion = 16.0.29215.179
MinimumVisualStudioVersion = 10.0.40219.1
Project("{FAE04EC0-301F-11D3-BF4B-00C04F79EFBC}") = "Sol_QueryString", "Sol_QueryString\Sol_QueryString.csproj", "{0CF47B4C-F46F-49F9-9053-98A163AC99C6}"
EndProject
Global
	GlobalSection(SolutionConfigurationPlatforms) = preSolution
		Debug|Any CPU = Debug|Any CPU
		Release|Any CPU = Release|Any CPU
	EndGlobalSection
	GlobalSection(ProjectConfigurationPlatforms) = postSolution
		{0CF47B4C-F46F-49F9-9053-98A163AC99C6}.Debug|Any CPU.ActiveCfg = Debug|Any CPU
		{0CF47B4C-F46F-49F9-9053-98A163AC99C6}.Debug|Any CPU.Build.0 = Debug|Any CPU
		{0CF47B4C-F46F-49F9-9053-98A163AC99C6}.Release|Any CPU.ActiveCfg = Release|Any CPU
		{0CF47B4C-F46F-49F9-9053-98A163AC99C6}.Release|Any CPU.Build.0 = Release|Any CPU
	EndGlobalSection
	GlobalSection(SolutionProperties) = preSolution
		HideSolutionNode = FALSE
	EndGlobalSection
	GlobalSection(ExtensibilityGlobals) = postSolution
		SolutionGuid = {9269443C-4CD1-4876-B08E-6F1C65C029CE}
	EndGlobalSection
EndGlobal
